
Microsoft Visual Studio Solution File, Format Version 12.00
# Visual Studio Version 17
VisualStudioVersion = 17.13.35931.197 d17.13
MinimumVisualStudioVersion = 10.0.40219.1
Project("{FAE04EC0-301F-11D3-BF4B-00C04F79EFBC}") = "ProyectMediaPlayerVisual", "ProyectMediaPlayerVisual.csproj", "{7CC2203E-1D94-4C11-9F99-671EFC52014D}"
EndProject
Global
	GlobalSection(SolutionConfigurationPlatforms) = preSolution
		Debug|Any CPU = Debug|Any CPU
		Release|Any CPU = Release|Any CPU
	EndGlobalSection
	GlobalSection(ProjectConfigurationPlatforms) = postSolution
		{7CC2203E-1D94-4C11-9F99-671EFC52014D}.Debug|Any CPU.ActiveCfg = Debug|Any CPU
		{7CC2203E-1D94-4C11-9F99-671EFC52014D}.Debug|Any CPU.Build.0 = Debug|Any CPU
		{7CC2203E-1D94-4C11-9F99-671EFC52014D}.Release|Any CPU.ActiveCfg = Release|Any CPU
		{7CC2203E-1D94-4C11-9F99-671EFC52014D}.Release|Any CPU.Build.0 = Release|Any CPU
	EndGlobalSection
	GlobalSection(SolutionProperties) = preSolution
		HideSolutionNode = FALSE
	EndGlobalSection
	GlobalSection(ExtensibilityGlobals) = postSolution
		SolutionGuid = {1FD52816-50C1-462F-86D0-46C6B3F03310}
	EndGlobalSection
EndGlobal
